
Microsoft Visual Studio Solution File, Format Version 12.00
# Visual Studio 2013
VisualStudioVersion = 12.0.21005.1
MinimumVisualStudioVersion = 10.0.40219.1
Project("{2150E333-8FDC-42A3-9474-1A3956D46DE8}") = "WCF", "WCF", "{B1F9486B-2C16-4781-A0E2-C45819DCC2D5}"
EndProject
Project("{FAE04EC0-301F-11D3-BF4B-00C04F79EFBC}") = "WCFWinServices", "WCF\WCFWinServices\WCFWinServices.csproj", "{6E823F81-9D2D-400B-8F98-6A9E4463520D}"
EndProject
Project("{FAE04EC0-301F-11D3-BF4B-00C04F79EFBC}") = "ServicesHost", "WCF\ServicesHost\ServicesHost.csproj", "{CA3FF48D-B755-4B08-8846-BFCBC67F1CE9}"
EndProject
Project("{FAE04EC0-301F-11D3-BF4B-00C04F79EFBC}") = "ServiceBehavior", "WCF\Services\ServiceBehavior.csproj", "{8DF223C1-1ADF-413D-89F2-93D518063F6A}"
EndProject
Project("{FAE04EC0-301F-11D3-BF4B-00C04F79EFBC}") = "ServiceContract", "WCF\ServiceContract\ServiceContract.csproj", "{823DB6AD-E707-4DB7-86C0-F9C239F848A5}"
EndProject
Project("{FAE04EC0-301F-11D3-BF4B-00C04F79EFBC}") = "MessageContract", "WCF\MessageContract\MessageContract.csproj", "{F2748020-1600-4D11-83D8-CBC6621EAC66}"
EndProject
Project("{FAE04EC0-301F-11D3-BF4B-00C04F79EFBC}") = "DataContract", "WCF\DataContract\DataContract.csproj", "{656054E4-8AD8-4094-B698-87B90725E43F}"
EndProject
Project("{FAE04EC0-301F-11D3-BF4B-00C04F79EFBC}") = "ClientCall", "WCF\ClientCall\ClientCall.csproj", "{E9425DC6-7C5E-4173-87CE-A9C7E3270DFB}"
EndProject
Project("{2150E333-8FDC-42A3-9474-1A3956D46DE8}") = "Socket", "Socket", "{76D4246F-EFD1-4022-A952-34584659F6B1}"
EndProject
Project("{FAE04EC0-301F-11D3-BF4B-00C04F79EFBC}") = "SocketServer", "Socket\SocketServer\SocketServer.csproj", "{BF62F8C4-B4E5-4E4B-9958-14DD42E8819F}"
EndProject
Project("{FAE04EC0-301F-11D3-BF4B-00C04F79EFBC}") = "SocketClient", "Socket\SocketCommunication\SocketClient.csproj", "{0D56FE3F-A848-4E6B-B0D4-BF95D7BE7547}"
EndProject
Project("{2150E333-8FDC-42A3-9474-1A3956D46DE8}") = "DES", "DES", "{136FFA22-703D-4890-901B-B13FFD05C32C}"
EndProject
Project("{FAE04EC0-301F-11D3-BF4B-00C04F79EFBC}") = "DESSample", "DES\DESSample.csproj", "{23ABD148-3BF1-4AFB-98EF-D58A96C3084F}"
EndProject
Project("{2150E333-8FDC-42A3-9474-1A3956D46DE8}") = "DataConvert", "DataConvert", "{64930967-9A37-414C-85EA-739E01174BD9}"
EndProject
Project("{FAE04EC0-301F-11D3-BF4B-00C04F79EFBC}") = "DataConvertDLL", "DataConvert\DataConvertDLL\DataConvertDLL.csproj", "{80EFDEF4-2376-4F0C-9B9E-66AC54796788}"
EndProject
Project("{FAE04EC0-301F-11D3-BF4B-00C04F79EFBC}") = "Application", "DataConvert\Application\Application.csproj", "{13D60C77-DCDF-4FEF-928B-132769B0C5AA}"
EndProject
Project("{2150E333-8FDC-42A3-9474-1A3956D46DE8}") = "DesignPatterns", "DesignPatterns", "{E8467B32-19ED-43D8-BE84-9E1C5594EE2E}"
EndProject
Project("{FAE04EC0-301F-11D3-BF4B-00C04F79EFBC}") = "DesignPatterns", "DesignPatterns\DesignPatterns\DesignPatterns.csproj", "{44AF141C-0B40-4686-B854-94A9D19599D4}"
EndProject
Project("{2150E333-8FDC-42A3-9474-1A3956D46DE8}") = "Site", "Site", "{25FC8ADF-AA48-40F5-B8B7-835B5B2D3699}"
EndProject
Project("{FAE04EC0-301F-11D3-BF4B-00C04F79EFBC}") = "StoreSample", "StoreSample\StoreSample.csproj", "{6FE658D0-2F3F-42C0-B879-7304135C176A}"
EndProject
Project("{2150E333-8FDC-42A3-9474-1A3956D46DE8}") = "Redis", "Redis", "{EAAD6DC4-782A-4A0E-BA6D-A6988CCF4C53}"
EndProject
Project("{FAE04EC0-301F-11D3-BF4B-00C04F79EFBC}") = "RedisSample", "Redis\RedisSample\RedisSample.csproj", "{85276CE7-F40F-42D8-8641-244D7A8DEB35}"
EndProject
Project("{FAE04EC0-301F-11D3-BF4B-00C04F79EFBC}") = "UnitTest", "UnitTest\UnitTest.csproj", "{CD5DFA8F-6BE0-4D80-8A16-08FC12782B46}"
EndProject
Project("{2150E333-8FDC-42A3-9474-1A3956D46DE8}") = "MVC", "MVC", "{307B4115-6886-4D35-9D15-A53C34DC2991}"
EndProject
Project("{FAE04EC0-301F-11D3-BF4B-00C04F79EFBC}") = "MiniMvc", "MiniMvc\MiniMvc.csproj", "{600E6940-EA9D-497E-BAC7-70403806C26F}"
EndProject
Project("{FAE04EC0-301F-11D3-BF4B-00C04F79EFBC}") = "AppWeb", "App\WebApplication1\AppWeb.csproj", "{0B4D0334-706C-4345-BD15-6541177AA1E8}"
EndProject
Project("{2150E333-8FDC-42A3-9474-1A3956D46DE8}") = "MSMQ", "MSMQ", "{BAEE884F-38D9-4B58-A946-B6E2CF749F17}"
EndProject
Project("{FAE04EC0-301F-11D3-BF4B-00C04F79EFBC}") = "MSMQDemo", "MSMQDemo\MSMQDemo.csproj", "{70264256-0019-46D8-BF4B-0A1DB10FFCF5}"
EndProject
Project("{FAE04EC0-301F-11D3-BF4B-00C04F79EFBC}") = "Msmq.PerfermanceTest", "MSMQ\Msmq.PerfermanceTest.csproj", "{B14C6FA1-FA60-4B20-87A3-FB5E775F8F43}"
EndProject
Project("{2150E333-8FDC-42A3-9474-1A3956D46DE8}") = ".netRemoting", ".netRemoting", "{7F7B41DB-EBD1-4EE4-8489-A5812CE2AF12}"
EndProject
Project("{FAE04EC0-301F-11D3-BF4B-00C04F79EFBC}") = "ClientCall", "netRemoting\Client\ClientCall.csproj", "{609CBF01-BDF6-4DE0-95F8-914A3FF34B77}"
EndProject
Project("{FAE04EC0-301F-11D3-BF4B-00C04F79EFBC}") = "AppDemo", "netRemoting\AppDemo\AppDemo.csproj", "{CFE9B4CD-C3C9-4F22-965B-1EBE5D84E155}"
EndProject
Project("{FAE04EC0-301F-11D3-BF4B-00C04F79EFBC}") = "RemotingApp", "netRemoting\RemotingApp\RemotingApp.csproj", "{F3EDE8BD-8E27-4655-9755-9A415F73FC8A}"
EndProject
Project("{FAE04EC0-301F-11D3-BF4B-00C04F79EFBC}") = "ServerHost", "netRemoting\ServerHost\ServerHost.csproj", "{3BAE9390-2B81-45D2-B72F-4112E9FF914E}"
EndProject
Project("{FAE04EC0-301F-11D3-BF4B-00C04F79EFBC}") = "Services", "netRemoting\Services\Services.csproj", "{8AD7DF52-A8BD-44F0-B1BD-AA695AAB65B4}"
EndProject
Project("{FAE04EC0-301F-11D3-BF4B-00C04F79EFBC}") = "ShareAssembly", "netRemoting\ShareAssembly\ShareAssembly.csproj", "{81902E52-DDF7-4B2E-A597-EC3A01D89FB0}"
EndProject
Project("{FAE04EC0-301F-11D3-BF4B-00C04F79EFBC}") = "ClientConsole", "Socket\ClientConsole\ClientConsole.csproj", "{445FEFD7-7B12-420D-8A93-A961D81A8814}"
EndProject
Project("{FAE04EC0-301F-11D3-BF4B-00C04F79EFBC}") = "ServerConsole", "Socket\ServerConsole\ServerConsole.csproj", "{D82D2845-079F-4E3E-B63F-69305D6BAA11}"
EndProject
Global
	GlobalSection(SolutionConfigurationPlatforms) = preSolution
		Debug|Any CPU = Debug|Any CPU
		Debug|Mixed Platforms = Debug|Mixed Platforms
		Debug|x86 = Debug|x86
		Release|Any CPU = Release|Any CPU
		Release|Mixed Platforms = Release|Mixed Platforms
		Release|x86 = Release|x86
	EndGlobalSection
	GlobalSection(ProjectConfigurationPlatforms) = postSolution
		{6E823F81-9D2D-400B-8F98-6A9E4463520D}.Debug|Any CPU.ActiveCfg = Debug|Any CPU
		{6E823F81-9D2D-400B-8F98-6A9E4463520D}.Debug|Any CPU.Build.0 = Debug|Any CPU
		{6E823F81-9D2D-400B-8F98-6A9E4463520D}.Debug|Mixed Platforms.ActiveCfg = Debug|Any CPU
		{6E823F81-9D2D-400B-8F98-6A9E4463520D}.Debug|Mixed Platforms.Build.0 = Debug|Any CPU
		{6E823F81-9D2D-400B-8F98-6A9E4463520D}.Debug|x86.ActiveCfg = Debug|Any CPU
		{6E823F81-9D2D-400B-8F98-6A9E4463520D}.Release|Any CPU.ActiveCfg = Release|Any CPU
		{6E823F81-9D2D-400B-8F98-6A9E4463520D}.Release|Any CPU.Build.0 = Release|Any CPU
		{6E823F81-9D2D-400B-8F98-6A9E4463520D}.Release|Mixed Platforms.ActiveCfg = Release|Any CPU
		{6E823F81-9D2D-400B-8F98-6A9E4463520D}.Release|Mixed Platforms.Build.0 = Release|Any CPU
		{6E823F81-9D2D-400B-8F98-6A9E4463520D}.Release|x86.ActiveCfg = Release|Any CPU
		{CA3FF48D-B755-4B08-8846-BFCBC67F1CE9}.Debug|Any CPU.ActiveCfg = Debug|Any CPU
		{CA3FF48D-B755-4B08-8846-BFCBC67F1CE9}.Debug|Any CPU.Build.0 = Debug|Any CPU
		{CA3FF48D-B755-4B08-8846-BFCBC67F1CE9}.Debug|Mixed Platforms.ActiveCfg = Debug|Any CPU
		{CA3FF48D-B755-4B08-8846-BFCBC67F1CE9}.Debug|Mixed Platforms.Build.0 = Debug|Any CPU
		{CA3FF48D-B755-4B08-8846-BFCBC67F1CE9}.Debug|x86.ActiveCfg = Debug|Any CPU
		{CA3FF48D-B755-4B08-8846-BFCBC67F1CE9}.Release|Any CPU.ActiveCfg = Release|Any CPU
		{CA3FF48D-B755-4B08-8846-BFCBC67F1CE9}.Release|Any CPU.Build.0 = Release|Any CPU
		{CA3FF48D-B755-4B08-8846-BFCBC67F1CE9}.Release|Mixed Platforms.ActiveCfg = Release|Any CPU
		{CA3FF48D-B755-4B08-8846-BFCBC67F1CE9}.Release|Mixed Platforms.Build.0 = Release|Any CPU
		{CA3FF48D-B755-4B08-8846-BFCBC67F1CE9}.Release|x86.ActiveCfg = Release|Any CPU
		{8DF223C1-1ADF-413D-89F2-93D518063F6A}.Debug|Any CPU.ActiveCfg = Debug|Any CPU
		{8DF223C1-1ADF-413D-89F2-93D518063F6A}.Debug|Any CPU.Build.0 = Debug|Any CPU
		{8DF223C1-1ADF-413D-89F2-93D518063F6A}.Debug|Mixed Platforms.ActiveCfg = Debug|Any CPU
		{8DF223C1-1ADF-413D-89F2-93D518063F6A}.Debug|Mixed Platforms.Build.0 = Debug|Any CPU
		{8DF223C1-1ADF-413D-89F2-93D518063F6A}.Debug|x86.ActiveCfg = Debug|Any CPU
		{8DF223C1-1ADF-413D-89F2-93D518063F6A}.Release|Any CPU.ActiveCfg = Release|Any CPU
		{8DF223C1-1ADF-413D-89F2-93D518063F6A}.Release|Any CPU.Build.0 = Release|Any CPU
		{8DF223C1-1ADF-413D-89F2-93D518063F6A}.Release|Mixed Platforms.ActiveCfg = Release|Any CPU
		{8DF223C1-1ADF-413D-89F2-93D518063F6A}.Release|Mixed Platforms.Build.0 = Release|Any CPU
		{8DF223C1-1ADF-413D-89F2-93D518063F6A}.Release|x86.ActiveCfg = Release|Any CPU
		{823DB6AD-E707-4DB7-86C0-F9C239F848A5}.Debug|Any CPU.ActiveCfg = Debug|Any CPU
		{823DB6AD-E707-4DB7-86C0-F9C239F848A5}.Debug|Any CPU.Build.0 = Debug|Any CPU
		{823DB6AD-E707-4DB7-86C0-F9C239F848A5}.Debug|Mixed Platforms.ActiveCfg = Debug|Any CPU
		{823DB6AD-E707-4DB7-86C0-F9C239F848A5}.Debug|Mixed Platforms.Build.0 = Debug|Any CPU
		{823DB6AD-E707-4DB7-86C0-F9C239F848A5}.Debug|x86.ActiveCfg = Debug|Any CPU
		{823DB6AD-E707-4DB7-86C0-F9C239F848A5}.Release|Any CPU.ActiveCfg = Release|Any CPU
		{823DB6AD-E707-4DB7-86C0-F9C239F848A5}.Release|Any CPU.Build.0 = Release|Any CPU
		{823DB6AD-E707-4DB7-86C0-F9C239F848A5}.Release|Mixed Platforms.ActiveCfg = Release|Any CPU
		{823DB6AD-E707-4DB7-86C0-F9C239F848A5}.Release|Mixed Platforms.Build.0 = Release|Any CPU
		{823DB6AD-E707-4DB7-86C0-F9C239F848A5}.Release|x86.ActiveCfg = Release|Any CPU
		{F2748020-1600-4D11-83D8-CBC6621EAC66}.Debug|Any CPU.ActiveCfg = Debug|Any CPU
		{F2748020-1600-4D11-83D8-CBC6621EAC66}.Debug|Any CPU.Build.0 = Debug|Any CPU
		{F2748020-1600-4D11-83D8-CBC6621EAC66}.Debug|Mixed Platforms.ActiveCfg = Debug|Any CPU
		{F2748020-1600-4D11-83D8-CBC6621EAC66}.Debug|Mixed Platforms.Build.0 = Debug|Any CPU
		{F2748020-1600-4D11-83D8-CBC6621EAC66}.Debug|x86.ActiveCfg = Debug|Any CPU
		{F2748020-1600-4D11-83D8-CBC6621EAC66}.Release|Any CPU.ActiveCfg = Release|Any CPU
		{F2748020-1600-4D11-83D8-CBC6621EAC66}.Release|Any CPU.Build.0 = Release|Any CPU
		{F2748020-1600-4D11-83D8-CBC6621EAC66}.Release|Mixed Platforms.ActiveCfg = Release|Any CPU
		{F2748020-1600-4D11-83D8-CBC6621EAC66}.Release|Mixed Platforms.Build.0 = Release|Any CPU
		{F2748020-1600-4D11-83D8-CBC6621EAC66}.Release|x86.ActiveCfg = Release|Any CPU
		{656054E4-8AD8-4094-B698-87B90725E43F}.Debug|Any CPU.ActiveCfg = Debug|Any CPU
		{656054E4-8AD8-4094-B698-87B90725E43F}.Debug|Any CPU.Build.0 = Debug|Any CPU
		{656054E4-8AD8-4094-B698-87B90725E43F}.Debug|Mixed Platforms.ActiveCfg = Debug|Any CPU
		{656054E4-8AD8-4094-B698-87B90725E43F}.Debug|Mixed Platforms.Build.0 = Debug|Any CPU
		{656054E4-8AD8-4094-B698-87B90725E43F}.Debug|x86.ActiveCfg = Debug|Any CPU
		{656054E4-8AD8-4094-B698-87B90725E43F}.Release|Any CPU.ActiveCfg = Release|Any CPU
		{656054E4-8AD8-4094-B698-87B90725E43F}.Release|Any CPU.Build.0 = Release|Any CPU
		{656054E4-8AD8-4094-B698-87B90725E43F}.Release|Mixed Platforms.ActiveCfg = Release|Any CPU
		{656054E4-8AD8-4094-B698-87B90725E43F}.Release|Mixed Platforms.Build.0 = Release|Any CPU
		{656054E4-8AD8-4094-B698-87B90725E43F}.Release|x86.ActiveCfg = Release|Any CPU
		{E9425DC6-7C5E-4173-87CE-A9C7E3270DFB}.Debug|Any CPU.ActiveCfg = Debug|Any CPU
		{E9425DC6-7C5E-4173-87CE-A9C7E3270DFB}.Debug|Any CPU.Build.0 = Debug|Any CPU
		{E9425DC6-7C5E-4173-87CE-A9C7E3270DFB}.Debug|Mixed Platforms.ActiveCfg = Debug|Any CPU
		{E9425DC6-7C5E-4173-87CE-A9C7E3270DFB}.Debug|Mixed Platforms.Build.0 = Debug|Any CPU
		{E9425DC6-7C5E-4173-87CE-A9C7E3270DFB}.Debug|x86.ActiveCfg = Debug|Any CPU
		{E9425DC6-7C5E-4173-87CE-A9C7E3270DFB}.Release|Any CPU.ActiveCfg = Release|Any CPU
		{E9425DC6-7C5E-4173-87CE-A9C7E3270DFB}.Release|Any CPU.Build.0 = Release|Any CPU
		{E9425DC6-7C5E-4173-87CE-A9C7E3270DFB}.Release|Mixed Platforms.ActiveCfg = Release|Any CPU
		{E9425DC6-7C5E-4173-87CE-A9C7E3270DFB}.Release|Mixed Platforms.Build.0 = Release|Any CPU
		{E9425DC6-7C5E-4173-87CE-A9C7E3270DFB}.Release|x86.ActiveCfg = Release|Any CPU
		{BF62F8C4-B4E5-4E4B-9958-14DD42E8819F}.Debug|Any CPU.ActiveCfg = Debug|Any CPU
		{BF62F8C4-B4E5-4E4B-9958-14DD42E8819F}.Debug|Any CPU.Build.0 = Debug|Any CPU
		{BF62F8C4-B4E5-4E4B-9958-14DD42E8819F}.Debug|Mixed Platforms.ActiveCfg = Debug|Any CPU
		{BF62F8C4-B4E5-4E4B-9958-14DD42E8819F}.Debug|Mixed Platforms.Build.0 = Debug|Any CPU
		{BF62F8C4-B4E5-4E4B-9958-14DD42E8819F}.Debug|x86.ActiveCfg = Debug|Any CPU
		{BF62F8C4-B4E5-4E4B-9958-14DD42E8819F}.Release|Any CPU.ActiveCfg = Release|Any CPU
		{BF62F8C4-B4E5-4E4B-9958-14DD42E8819F}.Release|Any CPU.Build.0 = Release|Any CPU
		{BF62F8C4-B4E5-4E4B-9958-14DD42E8819F}.Release|Mixed Platforms.ActiveCfg = Release|Any CPU
		{BF62F8C4-B4E5-4E4B-9958-14DD42E8819F}.Release|Mixed Platforms.Build.0 = Release|Any CPU
		{BF62F8C4-B4E5-4E4B-9958-14DD42E8819F}.Release|x86.ActiveCfg = Release|Any CPU
		{0D56FE3F-A848-4E6B-B0D4-BF95D7BE7547}.Debug|Any CPU.ActiveCfg = Debug|Any CPU
		{0D56FE3F-A848-4E6B-B0D4-BF95D7BE7547}.Debug|Any CPU.Build.0 = Debug|Any CPU
		{0D56FE3F-A848-4E6B-B0D4-BF95D7BE7547}.Debug|Mixed Platforms.ActiveCfg = Debug|Any CPU
		{0D56FE3F-A848-4E6B-B0D4-BF95D7BE7547}.Debug|Mixed Platforms.Build.0 = Debug|Any CPU
		{0D56FE3F-A848-4E6B-B0D4-BF95D7BE7547}.Debug|x86.ActiveCfg = Debug|Any CPU
		{0D56FE3F-A848-4E6B-B0D4-BF95D7BE7547}.Release|Any CPU.ActiveCfg = Release|Any CPU
		{0D56FE3F-A848-4E6B-B0D4-BF95D7BE7547}.Release|Any CPU.Build.0 = Release|Any CPU
		{0D56FE3F-A848-4E6B-B0D4-BF95D7BE7547}.Release|Mixed Platforms.ActiveCfg = Release|Any CPU
		{0D56FE3F-A848-4E6B-B0D4-BF95D7BE7547}.Release|Mixed Platforms.Build.0 = Release|Any CPU
		{0D56FE3F-A848-4E6B-B0D4-BF95D7BE7547}.Release|x86.ActiveCfg = Release|Any CPU
		{23ABD148-3BF1-4AFB-98EF-D58A96C3084F}.Debug|Any CPU.ActiveCfg = Debug|Any CPU
		{23ABD148-3BF1-4AFB-98EF-D58A96C3084F}.Debug|Any CPU.Build.0 = Debug|Any CPU
		{23ABD148-3BF1-4AFB-98EF-D58A96C3084F}.Debug|Mixed Platforms.ActiveCfg = Debug|Any CPU
		{23ABD148-3BF1-4AFB-98EF-D58A96C3084F}.Debug|Mixed Platforms.Build.0 = Debug|Any CPU
		{23ABD148-3BF1-4AFB-98EF-D58A96C3084F}.Debug|x86.ActiveCfg = Debug|Any CPU
		{23ABD148-3BF1-4AFB-98EF-D58A96C3084F}.Release|Any CPU.ActiveCfg = Release|Any CPU
		{23ABD148-3BF1-4AFB-98EF-D58A96C3084F}.Release|Any CPU.Build.0 = Release|Any CPU
		{23ABD148-3BF1-4AFB-98EF-D58A96C3084F}.Release|Mixed Platforms.ActiveCfg = Release|Any CPU
		{23ABD148-3BF1-4AFB-98EF-D58A96C3084F}.Release|Mixed Platforms.Build.0 = Release|Any CPU
		{23ABD148-3BF1-4AFB-98EF-D58A96C3084F}.Release|x86.ActiveCfg = Release|Any CPU
		{80EFDEF4-2376-4F0C-9B9E-66AC54796788}.Debug|Any CPU.ActiveCfg = Debug|Any CPU
		{80EFDEF4-2376-4F0C-9B9E-66AC54796788}.Debug|Any CPU.Build.0 = Debug|Any CPU
		{80EFDEF4-2376-4F0C-9B9E-66AC54796788}.Debug|Mixed Platforms.ActiveCfg = Debug|Any CPU
		{80EFDEF4-2376-4F0C-9B9E-66AC54796788}.Debug|Mixed Platforms.Build.0 = Debug|Any CPU
		{80EFDEF4-2376-4F0C-9B9E-66AC54796788}.Debug|x86.ActiveCfg = Debug|Any CPU
		{80EFDEF4-2376-4F0C-9B9E-66AC54796788}.Release|Any CPU.ActiveCfg = Release|Any CPU
		{80EFDEF4-2376-4F0C-9B9E-66AC54796788}.Release|Any CPU.Build.0 = Release|Any CPU
		{80EFDEF4-2376-4F0C-9B9E-66AC54796788}.Release|Mixed Platforms.ActiveCfg = Release|Any CPU
		{80EFDEF4-2376-4F0C-9B9E-66AC54796788}.Release|Mixed Platforms.Build.0 = Release|Any CPU
		{80EFDEF4-2376-4F0C-9B9E-66AC54796788}.Release|x86.ActiveCfg = Release|Any CPU
		{13D60C77-DCDF-4FEF-928B-132769B0C5AA}.Debug|Any CPU.ActiveCfg = Debug|Any CPU
		{13D60C77-DCDF-4FEF-928B-132769B0C5AA}.Debug|Any CPU.Build.0 = Debug|Any CPU
		{13D60C77-DCDF-4FEF-928B-132769B0C5AA}.Debug|Mixed Platforms.ActiveCfg = Debug|Any CPU
		{13D60C77-DCDF-4FEF-928B-132769B0C5AA}.Debug|Mixed Platforms.Build.0 = Debug|Any CPU
		{13D60C77-DCDF-4FEF-928B-132769B0C5AA}.Debug|x86.ActiveCfg = Debug|Any CPU
		{13D60C77-DCDF-4FEF-928B-132769B0C5AA}.Release|Any CPU.ActiveCfg = Release|Any CPU
		{13D60C77-DCDF-4FEF-928B-132769B0C5AA}.Release|Any CPU.Build.0 = Release|Any CPU
		{13D60C77-DCDF-4FEF-928B-132769B0C5AA}.Release|Mixed Platforms.ActiveCfg = Release|Any CPU
		{13D60C77-DCDF-4FEF-928B-132769B0C5AA}.Release|Mixed Platforms.Build.0 = Release|Any CPU
		{13D60C77-DCDF-4FEF-928B-132769B0C5AA}.Release|x86.ActiveCfg = Release|Any CPU
		{44AF141C-0B40-4686-B854-94A9D19599D4}.Debug|Any CPU.ActiveCfg = Debug|Any CPU
		{44AF141C-0B40-4686-B854-94A9D19599D4}.Debug|Any CPU.Build.0 = Debug|Any CPU
		{44AF141C-0B40-4686-B854-94A9D19599D4}.Debug|Mixed Platforms.ActiveCfg = Debug|Any CPU
		{44AF141C-0B40-4686-B854-94A9D19599D4}.Debug|Mixed Platforms.Build.0 = Debug|Any CPU
		{44AF141C-0B40-4686-B854-94A9D19599D4}.Debug|x86.ActiveCfg = Debug|Any CPU
		{44AF141C-0B40-4686-B854-94A9D19599D4}.Release|Any CPU.ActiveCfg = Release|Any CPU
		{44AF141C-0B40-4686-B854-94A9D19599D4}.Release|Any CPU.Build.0 = Release|Any CPU
		{44AF141C-0B40-4686-B854-94A9D19599D4}.Release|Mixed Platforms.ActiveCfg = Release|Any CPU
		{44AF141C-0B40-4686-B854-94A9D19599D4}.Release|Mixed Platforms.Build.0 = Release|Any CPU
		{44AF141C-0B40-4686-B854-94A9D19599D4}.Release|x86.ActiveCfg = Release|Any CPU
		{6FE658D0-2F3F-42C0-B879-7304135C176A}.Debug|Any CPU.ActiveCfg = Debug|Any CPU
		{6FE658D0-2F3F-42C0-B879-7304135C176A}.Debug|Any CPU.Build.0 = Debug|Any CPU
		{6FE658D0-2F3F-42C0-B879-7304135C176A}.Debug|Mixed Platforms.ActiveCfg = Debug|Any CPU
		{6FE658D0-2F3F-42C0-B879-7304135C176A}.Debug|Mixed Platforms.Build.0 = Debug|Any CPU
		{6FE658D0-2F3F-42C0-B879-7304135C176A}.Debug|x86.ActiveCfg = Debug|Any CPU
		{6FE658D0-2F3F-42C0-B879-7304135C176A}.Release|Any CPU.ActiveCfg = Release|Any CPU
		{6FE658D0-2F3F-42C0-B879-7304135C176A}.Release|Any CPU.Build.0 = Release|Any CPU
		{6FE658D0-2F3F-42C0-B879-7304135C176A}.Release|Mixed Platforms.ActiveCfg = Release|Any CPU
		{6FE658D0-2F3F-42C0-B879-7304135C176A}.Release|Mixed Platforms.Build.0 = Release|Any CPU
		{6FE658D0-2F3F-42C0-B879-7304135C176A}.Release|x86.ActiveCfg = Release|Any CPU
		{85276CE7-F40F-42D8-8641-244D7A8DEB35}.Debug|Any CPU.ActiveCfg = Debug|Any CPU
		{85276CE7-F40F-42D8-8641-244D7A8DEB35}.Debug|Any CPU.Build.0 = Debug|Any CPU
		{85276CE7-F40F-42D8-8641-244D7A8DEB35}.Debug|Mixed Platforms.ActiveCfg = Debug|Any CPU
		{85276CE7-F40F-42D8-8641-244D7A8DEB35}.Debug|Mixed Platforms.Build.0 = Debug|Any CPU
		{85276CE7-F40F-42D8-8641-244D7A8DEB35}.Debug|x86.ActiveCfg = Debug|Any CPU
		{85276CE7-F40F-42D8-8641-244D7A8DEB35}.Release|Any CPU.ActiveCfg = Release|Any CPU
		{85276CE7-F40F-42D8-8641-244D7A8DEB35}.Release|Any CPU.Build.0 = Release|Any CPU
		{85276CE7-F40F-42D8-8641-244D7A8DEB35}.Release|Mixed Platforms.ActiveCfg = Release|Any CPU
		{85276CE7-F40F-42D8-8641-244D7A8DEB35}.Release|Mixed Platforms.Build.0 = Release|Any CPU
		{85276CE7-F40F-42D8-8641-244D7A8DEB35}.Release|x86.ActiveCfg = Release|Any CPU
		{CD5DFA8F-6BE0-4D80-8A16-08FC12782B46}.Debug|Any CPU.ActiveCfg = Debug|Any CPU
		{CD5DFA8F-6BE0-4D80-8A16-08FC12782B46}.Debug|Any CPU.Build.0 = Debug|Any CPU
		{CD5DFA8F-6BE0-4D80-8A16-08FC12782B46}.Debug|Mixed Platforms.ActiveCfg = Debug|Any CPU
		{CD5DFA8F-6BE0-4D80-8A16-08FC12782B46}.Debug|Mixed Platforms.Build.0 = Debug|Any CPU
		{CD5DFA8F-6BE0-4D80-8A16-08FC12782B46}.Debug|x86.ActiveCfg = Debug|Any CPU
		{CD5DFA8F-6BE0-4D80-8A16-08FC12782B46}.Release|Any CPU.ActiveCfg = Release|Any CPU
		{CD5DFA8F-6BE0-4D80-8A16-08FC12782B46}.Release|Any CPU.Build.0 = Release|Any CPU
		{CD5DFA8F-6BE0-4D80-8A16-08FC12782B46}.Release|Mixed Platforms.ActiveCfg = Release|Any CPU
		{CD5DFA8F-6BE0-4D80-8A16-08FC12782B46}.Release|Mixed Platforms.Build.0 = Release|Any CPU
		{CD5DFA8F-6BE0-4D80-8A16-08FC12782B46}.Release|x86.ActiveCfg = Release|Any CPU
		{600E6940-EA9D-497E-BAC7-70403806C26F}.Debug|Any CPU.ActiveCfg = Debug|Any CPU
		{600E6940-EA9D-497E-BAC7-70403806C26F}.Debug|Any CPU.Build.0 = Debug|Any CPU
		{600E6940-EA9D-497E-BAC7-70403806C26F}.Debug|Mixed Platforms.ActiveCfg = Debug|Any CPU
		{600E6940-EA9D-497E-BAC7-70403806C26F}.Debug|Mixed Platforms.Build.0 = Debug|Any CPU
		{600E6940-EA9D-497E-BAC7-70403806C26F}.Debug|x86.ActiveCfg = Debug|Any CPU
		{600E6940-EA9D-497E-BAC7-70403806C26F}.Release|Any CPU.ActiveCfg = Release|Any CPU
		{600E6940-EA9D-497E-BAC7-70403806C26F}.Release|Any CPU.Build.0 = Release|Any CPU
		{600E6940-EA9D-497E-BAC7-70403806C26F}.Release|Mixed Platforms.ActiveCfg = Release|Any CPU
		{600E6940-EA9D-497E-BAC7-70403806C26F}.Release|Mixed Platforms.Build.0 = Release|Any CPU
		{600E6940-EA9D-497E-BAC7-70403806C26F}.Release|x86.ActiveCfg = Release|Any CPU
		{0B4D0334-706C-4345-BD15-6541177AA1E8}.Debug|Any CPU.ActiveCfg = Debug|Any CPU
		{0B4D0334-706C-4345-BD15-6541177AA1E8}.Debug|Any CPU.Build.0 = Debug|Any CPU
		{0B4D0334-706C-4345-BD15-6541177AA1E8}.Debug|Mixed Platforms.ActiveCfg = Debug|Any CPU
		{0B4D0334-706C-4345-BD15-6541177AA1E8}.Debug|Mixed Platforms.Build.0 = Debug|Any CPU
		{0B4D0334-706C-4345-BD15-6541177AA1E8}.Debug|x86.ActiveCfg = Debug|Any CPU
		{0B4D0334-706C-4345-BD15-6541177AA1E8}.Release|Any CPU.ActiveCfg = Release|Any CPU
		{0B4D0334-706C-4345-BD15-6541177AA1E8}.Release|Any CPU.Build.0 = Release|Any CPU
		{0B4D0334-706C-4345-BD15-6541177AA1E8}.Release|Mixed Platforms.ActiveCfg = Release|Any CPU
		{0B4D0334-706C-4345-BD15-6541177AA1E8}.Release|Mixed Platforms.Build.0 = Release|Any CPU
		{0B4D0334-706C-4345-BD15-6541177AA1E8}.Release|x86.ActiveCfg = Release|Any CPU
		{70264256-0019-46D8-BF4B-0A1DB10FFCF5}.Debug|Any CPU.ActiveCfg = Debug|Any CPU
		{70264256-0019-46D8-BF4B-0A1DB10FFCF5}.Debug|Any CPU.Build.0 = Debug|Any CPU
		{70264256-0019-46D8-BF4B-0A1DB10FFCF5}.Debug|Mixed Platforms.ActiveCfg = Debug|Any CPU
		{70264256-0019-46D8-BF4B-0A1DB10FFCF5}.Debug|Mixed Platforms.Build.0 = Debug|Any CPU
		{70264256-0019-46D8-BF4B-0A1DB10FFCF5}.Debug|x86.ActiveCfg = Debug|Any CPU
		{70264256-0019-46D8-BF4B-0A1DB10FFCF5}.Release|Any CPU.ActiveCfg = Release|Any CPU
		{70264256-0019-46D8-BF4B-0A1DB10FFCF5}.Release|Any CPU.Build.0 = Release|Any CPU
		{70264256-0019-46D8-BF4B-0A1DB10FFCF5}.Release|Mixed Platforms.ActiveCfg = Release|Any CPU
		{70264256-0019-46D8-BF4B-0A1DB10FFCF5}.Release|Mixed Platforms.Build.0 = Release|Any CPU
		{70264256-0019-46D8-BF4B-0A1DB10FFCF5}.Release|x86.ActiveCfg = Release|Any CPU
		{B14C6FA1-FA60-4B20-87A3-FB5E775F8F43}.Debug|Any CPU.ActiveCfg = Debug|Any CPU
		{B14C6FA1-FA60-4B20-87A3-FB5E775F8F43}.Debug|Any CPU.Build.0 = Debug|Any CPU
		{B14C6FA1-FA60-4B20-87A3-FB5E775F8F43}.Debug|Mixed Platforms.ActiveCfg = Debug|Any CPU
		{B14C6FA1-FA60-4B20-87A3-FB5E775F8F43}.Debug|Mixed Platforms.Build.0 = Debug|Any CPU
		{B14C6FA1-FA60-4B20-87A3-FB5E775F8F43}.Debug|x86.ActiveCfg = Debug|Any CPU
		{B14C6FA1-FA60-4B20-87A3-FB5E775F8F43}.Release|Any CPU.ActiveCfg = Release|Any CPU
		{B14C6FA1-FA60-4B20-87A3-FB5E775F8F43}.Release|Any CPU.Build.0 = Release|Any CPU
		{B14C6FA1-FA60-4B20-87A3-FB5E775F8F43}.Release|Mixed Platforms.ActiveCfg = Release|Any CPU
		{B14C6FA1-FA60-4B20-87A3-FB5E775F8F43}.Release|Mixed Platforms.Build.0 = Release|Any CPU
		{B14C6FA1-FA60-4B20-87A3-FB5E775F8F43}.Release|x86.ActiveCfg = Release|Any CPU
		{609CBF01-BDF6-4DE0-95F8-914A3FF34B77}.Debug|Any CPU.ActiveCfg = Debug|Any CPU
		{609CBF01-BDF6-4DE0-95F8-914A3FF34B77}.Debug|Any CPU.Build.0 = Debug|Any CPU
		{609CBF01-BDF6-4DE0-95F8-914A3FF34B77}.Debug|Mixed Platforms.ActiveCfg = Debug|Any CPU
		{609CBF01-BDF6-4DE0-95F8-914A3FF34B77}.Debug|Mixed Platforms.Build.0 = Debug|Any CPU
		{609CBF01-BDF6-4DE0-95F8-914A3FF34B77}.Debug|x86.ActiveCfg = Debug|Any CPU
		{609CBF01-BDF6-4DE0-95F8-914A3FF34B77}.Release|Any CPU.ActiveCfg = Release|Any CPU
		{609CBF01-BDF6-4DE0-95F8-914A3FF34B77}.Release|Any CPU.Build.0 = Release|Any CPU
		{609CBF01-BDF6-4DE0-95F8-914A3FF34B77}.Release|Mixed Platforms.ActiveCfg = Release|Any CPU
		{609CBF01-BDF6-4DE0-95F8-914A3FF34B77}.Release|Mixed Platforms.Build.0 = Release|Any CPU
		{609CBF01-BDF6-4DE0-95F8-914A3FF34B77}.Release|x86.ActiveCfg = Release|Any CPU
		{CFE9B4CD-C3C9-4F22-965B-1EBE5D84E155}.Debug|Any CPU.ActiveCfg = Debug|Any CPU
		{CFE9B4CD-C3C9-4F22-965B-1EBE5D84E155}.Debug|Any CPU.Build.0 = Debug|Any CPU
		{CFE9B4CD-C3C9-4F22-965B-1EBE5D84E155}.Debug|Mixed Platforms.ActiveCfg = Debug|Any CPU
		{CFE9B4CD-C3C9-4F22-965B-1EBE5D84E155}.Debug|Mixed Platforms.Build.0 = Debug|Any CPU
		{CFE9B4CD-C3C9-4F22-965B-1EBE5D84E155}.Debug|x86.ActiveCfg = Debug|Any CPU
		{CFE9B4CD-C3C9-4F22-965B-1EBE5D84E155}.Release|Any CPU.ActiveCfg = Release|Any CPU
		{CFE9B4CD-C3C9-4F22-965B-1EBE5D84E155}.Release|Any CPU.Build.0 = Release|Any CPU
		{CFE9B4CD-C3C9-4F22-965B-1EBE5D84E155}.Release|Mixed Platforms.ActiveCfg = Release|Any CPU
		{CFE9B4CD-C3C9-4F22-965B-1EBE5D84E155}.Release|Mixed Platforms.Build.0 = Release|Any CPU
		{CFE9B4CD-C3C9-4F22-965B-1EBE5D84E155}.Release|x86.ActiveCfg = Release|Any CPU
		{F3EDE8BD-8E27-4655-9755-9A415F73FC8A}.Debug|Any CPU.ActiveCfg = Debug|Any CPU
		{F3EDE8BD-8E27-4655-9755-9A415F73FC8A}.Debug|Any CPU.Build.0 = Debug|Any CPU
		{F3EDE8BD-8E27-4655-9755-9A415F73FC8A}.Debug|Mixed Platforms.ActiveCfg = Debug|Any CPU
		{F3EDE8BD-8E27-4655-9755-9A415F73FC8A}.Debug|Mixed Platforms.Build.0 = Debug|Any CPU
		{F3EDE8BD-8E27-4655-9755-9A415F73FC8A}.Debug|x86.ActiveCfg = Debug|Any CPU
		{F3EDE8BD-8E27-4655-9755-9A415F73FC8A}.Release|Any CPU.ActiveCfg = Release|Any CPU
		{F3EDE8BD-8E27-4655-9755-9A415F73FC8A}.Release|Any CPU.Build.0 = Release|Any CPU
		{F3EDE8BD-8E27-4655-9755-9A415F73FC8A}.Release|Mixed Platforms.ActiveCfg = Release|Any CPU
		{F3EDE8BD-8E27-4655-9755-9A415F73FC8A}.Release|Mixed Platforms.Build.0 = Release|Any CPU
		{F3EDE8BD-8E27-4655-9755-9A415F73FC8A}.Release|x86.ActiveCfg = Release|Any CPU
		{3BAE9390-2B81-45D2-B72F-4112E9FF914E}.Debug|Any CPU.ActiveCfg = Debug|Any CPU
		{3BAE9390-2B81-45D2-B72F-4112E9FF914E}.Debug|Any CPU.Build.0 = Debug|Any CPU
		{3BAE9390-2B81-45D2-B72F-4112E9FF914E}.Debug|Mixed Platforms.ActiveCfg = Debug|Any CPU
		{3BAE9390-2B81-45D2-B72F-4112E9FF914E}.Debug|Mixed Platforms.Build.0 = Debug|Any CPU
		{3BAE9390-2B81-45D2-B72F-4112E9FF914E}.Debug|x86.ActiveCfg = Debug|Any CPU
		{3BAE9390-2B81-45D2-B72F-4112E9FF914E}.Release|Any CPU.ActiveCfg = Release|Any CPU
		{3BAE9390-2B81-45D2-B72F-4112E9FF914E}.Release|Any CPU.Build.0 = Release|Any CPU
		{3BAE9390-2B81-45D2-B72F-4112E9FF914E}.Release|Mixed Platforms.ActiveCfg = Release|Any CPU
		{3BAE9390-2B81-45D2-B72F-4112E9FF914E}.Release|Mixed Platforms.Build.0 = Release|Any CPU
		{3BAE9390-2B81-45D2-B72F-4112E9FF914E}.Release|x86.ActiveCfg = Release|Any CPU
		{8AD7DF52-A8BD-44F0-B1BD-AA695AAB65B4}.Debug|Any CPU.ActiveCfg = Debug|Any CPU
		{8AD7DF52-A8BD-44F0-B1BD-AA695AAB65B4}.Debug|Any CPU.Build.0 = Debug|Any CPU
		{8AD7DF52-A8BD-44F0-B1BD-AA695AAB65B4}.Debug|Mixed Platforms.ActiveCfg = Debug|Any CPU
		{8AD7DF52-A8BD-44F0-B1BD-AA695AAB65B4}.Debug|Mixed Platforms.Build.0 = Debug|Any CPU
		{8AD7DF52-A8BD-44F0-B1BD-AA695AAB65B4}.Debug|x86.ActiveCfg = Debug|Any CPU
		{8AD7DF52-A8BD-44F0-B1BD-AA695AAB65B4}.Release|Any CPU.ActiveCfg = Release|Any CPU
		{8AD7DF52-A8BD-44F0-B1BD-AA695AAB65B4}.Release|Any CPU.Build.0 = Release|Any CPU
		{8AD7DF52-A8BD-44F0-B1BD-AA695AAB65B4}.Release|Mixed Platforms.ActiveCfg = Release|Any CPU
		{8AD7DF52-A8BD-44F0-B1BD-AA695AAB65B4}.Release|Mixed Platforms.Build.0 = Release|Any CPU
		{8AD7DF52-A8BD-44F0-B1BD-AA695AAB65B4}.Release|x86.ActiveCfg = Release|Any CPU
		{81902E52-DDF7-4B2E-A597-EC3A01D89FB0}.Debug|Any CPU.ActiveCfg = Debug|Any CPU
		{81902E52-DDF7-4B2E-A597-EC3A01D89FB0}.Debug|Any CPU.Build.0 = Debug|Any CPU
		{81902E52-DDF7-4B2E-A597-EC3A01D89FB0}.Debug|Mixed Platforms.ActiveCfg = Debug|Any CPU
		{81902E52-DDF7-4B2E-A597-EC3A01D89FB0}.Debug|Mixed Platforms.Build.0 = Debug|Any CPU
		{81902E52-DDF7-4B2E-A597-EC3A01D89FB0}.Debug|x86.ActiveCfg = Debug|Any CPU
		{81902E52-DDF7-4B2E-A597-EC3A01D89FB0}.Release|Any CPU.ActiveCfg = Release|Any CPU
		{81902E52-DDF7-4B2E-A597-EC3A01D89FB0}.Release|Any CPU.Build.0 = Release|Any CPU
		{81902E52-DDF7-4B2E-A597-EC3A01D89FB0}.Release|Mixed Platforms.ActiveCfg = Release|Any CPU
		{81902E52-DDF7-4B2E-A597-EC3A01D89FB0}.Release|Mixed Platforms.Build.0 = Release|Any CPU
		{81902E52-DDF7-4B2E-A597-EC3A01D89FB0}.Release|x86.ActiveCfg = Release|Any CPU
		{445FEFD7-7B12-420D-8A93-A961D81A8814}.Debug|Any CPU.ActiveCfg = Debug|Any CPU
		{445FEFD7-7B12-420D-8A93-A961D81A8814}.Debug|Any CPU.Build.0 = Debug|Any CPU
		{445FEFD7-7B12-420D-8A93-A961D81A8814}.Debug|Mixed Platforms.ActiveCfg = Debug|Any CPU
		{445FEFD7-7B12-420D-8A93-A961D81A8814}.Debug|Mixed Platforms.Build.0 = Debug|Any CPU
		{445FEFD7-7B12-420D-8A93-A961D81A8814}.Debug|x86.ActiveCfg = Debug|Any CPU
		{445FEFD7-7B12-420D-8A93-A961D81A8814}.Release|Any CPU.ActiveCfg = Release|Any CPU
		{445FEFD7-7B12-420D-8A93-A961D81A8814}.Release|Any CPU.Build.0 = Release|Any CPU
		{445FEFD7-7B12-420D-8A93-A961D81A8814}.Release|Mixed Platforms.ActiveCfg = Release|Any CPU
		{445FEFD7-7B12-420D-8A93-A961D81A8814}.Release|Mixed Platforms.Build.0 = Release|Any CPU
		{445FEFD7-7B12-420D-8A93-A961D81A8814}.Release|x86.ActiveCfg = Release|Any CPU
		{D82D2845-079F-4E3E-B63F-69305D6BAA11}.Debug|Any CPU.ActiveCfg = Debug|Any CPU
		{D82D2845-079F-4E3E-B63F-69305D6BAA11}.Debug|Any CPU.Build.0 = Debug|Any CPU
		{D82D2845-079F-4E3E-B63F-69305D6BAA11}.Debug|Mixed Platforms.ActiveCfg = Debug|Any CPU
		{D82D2845-079F-4E3E-B63F-69305D6BAA11}.Debug|Mixed Platforms.Build.0 = Debug|Any CPU
		{D82D2845-079F-4E3E-B63F-69305D6BAA11}.Debug|x86.ActiveCfg = Debug|Any CPU
		{D82D2845-079F-4E3E-B63F-69305D6BAA11}.Release|Any CPU.ActiveCfg = Release|Any CPU
		{D82D2845-079F-4E3E-B63F-69305D6BAA11}.Release|Any CPU.Build.0 = Release|Any CPU
		{D82D2845-079F-4E3E-B63F-69305D6BAA11}.Release|Mixed Platforms.ActiveCfg = Release|Any CPU
		{D82D2845-079F-4E3E-B63F-69305D6BAA11}.Release|Mixed Platforms.Build.0 = Release|Any CPU
		{D82D2845-079F-4E3E-B63F-69305D6BAA11}.Release|x86.ActiveCfg = Release|Any CPU
	EndGlobalSection
	GlobalSection(SolutionProperties) = preSolution
		HideSolutionNode = FALSE
	EndGlobalSection
	GlobalSection(NestedProjects) = preSolution
		{6E823F81-9D2D-400B-8F98-6A9E4463520D} = {B1F9486B-2C16-4781-A0E2-C45819DCC2D5}
		{CA3FF48D-B755-4B08-8846-BFCBC67F1CE9} = {B1F9486B-2C16-4781-A0E2-C45819DCC2D5}
		{8DF223C1-1ADF-413D-89F2-93D518063F6A} = {B1F9486B-2C16-4781-A0E2-C45819DCC2D5}
		{823DB6AD-E707-4DB7-86C0-F9C239F848A5} = {B1F9486B-2C16-4781-A0E2-C45819DCC2D5}
		{F2748020-1600-4D11-83D8-CBC6621EAC66} = {B1F9486B-2C16-4781-A0E2-C45819DCC2D5}
		{656054E4-8AD8-4094-B698-87B90725E43F} = {B1F9486B-2C16-4781-A0E2-C45819DCC2D5}
		{E9425DC6-7C5E-4173-87CE-A9C7E3270DFB} = {B1F9486B-2C16-4781-A0E2-C45819DCC2D5}
		{BF62F8C4-B4E5-4E4B-9958-14DD42E8819F} = {76D4246F-EFD1-4022-A952-34584659F6B1}
		{0D56FE3F-A848-4E6B-B0D4-BF95D7BE7547} = {76D4246F-EFD1-4022-A952-34584659F6B1}
		{445FEFD7-7B12-420D-8A93-A961D81A8814} = {76D4246F-EFD1-4022-A952-34584659F6B1}
		{D82D2845-079F-4E3E-B63F-69305D6BAA11} = {76D4246F-EFD1-4022-A952-34584659F6B1}
		{23ABD148-3BF1-4AFB-98EF-D58A96C3084F} = {136FFA22-703D-4890-901B-B13FFD05C32C}
		{80EFDEF4-2376-4F0C-9B9E-66AC54796788} = {64930967-9A37-414C-85EA-739E01174BD9}
		{13D60C77-DCDF-4FEF-928B-132769B0C5AA} = {64930967-9A37-414C-85EA-739E01174BD9}
		{44AF141C-0B40-4686-B854-94A9D19599D4} = {E8467B32-19ED-43D8-BE84-9E1C5594EE2E}
		{6FE658D0-2F3F-42C0-B879-7304135C176A} = {25FC8ADF-AA48-40F5-B8B7-835B5B2D3699}
		{85276CE7-F40F-42D8-8641-244D7A8DEB35} = {EAAD6DC4-782A-4A0E-BA6D-A6988CCF4C53}
		{CD5DFA8F-6BE0-4D80-8A16-08FC12782B46} = {EAAD6DC4-782A-4A0E-BA6D-A6988CCF4C53}
		{600E6940-EA9D-497E-BAC7-70403806C26F} = {307B4115-6886-4D35-9D15-A53C34DC2991}
		{0B4D0334-706C-4345-BD15-6541177AA1E8} = {307B4115-6886-4D35-9D15-A53C34DC2991}
		{70264256-0019-46D8-BF4B-0A1DB10FFCF5} = {BAEE884F-38D9-4B58-A946-B6E2CF749F17}
		{B14C6FA1-FA60-4B20-87A3-FB5E775F8F43} = {BAEE884F-38D9-4B58-A946-B6E2CF749F17}
		{609CBF01-BDF6-4DE0-95F8-914A3FF34B77} = {7F7B41DB-EBD1-4EE4-8489-A5812CE2AF12}
		{CFE9B4CD-C3C9-4F22-965B-1EBE5D84E155} = {7F7B41DB-EBD1-4EE4-8489-A5812CE2AF12}
		{F3EDE8BD-8E27-4655-9755-9A415F73FC8A} = {7F7B41DB-EBD1-4EE4-8489-A5812CE2AF12}
		{3BAE9390-2B81-45D2-B72F-4112E9FF914E} = {7F7B41DB-EBD1-4EE4-8489-A5812CE2AF12}
		{8AD7DF52-A8BD-44F0-B1BD-AA695AAB65B4} = {7F7B41DB-EBD1-4EE4-8489-A5812CE2AF12}
		{81902E52-DDF7-4B2E-A597-EC3A01D89FB0} = {7F7B41DB-EBD1-4EE4-8489-A5812CE2AF12}
	EndGlobalSection
EndGlobal
